<?xml version="1.0" encoding="utf-8"?>
<Project ToolsVersion="4.0" xmlns="http://schemas.microsoft.com/developer/msbuild/2003">
  <ItemGroup>
    <Filter Include="소스 파일">
      <UniqueIdentifier>{4FC737F1-C7A5-4376-A066-2A32D752A2FF}</UniqueIdentifier>
      <Extensions>cpp;c;cc;cxx;c++;cppm;ixx;def;odl;idl;hpj;bat;asm;asmx</Extensions>
    </Filter>
    <Filter Include="헤더 파일">
      <UniqueIdentifier>{93995380-89BD-4b04-88EB-625FBE52EBFB}</UniqueIdentifier>
      <Extensions>h;hh;hpp;hxx;h++;hm;inl;inc;ipp;xsd</Extensions>
    </Filter>
    <Filter Include="리소스 파일">
      <UniqueIdentifier>{67DA6AB6-F800-4c08-8B7A-83BB121AAD01}</UniqueIdentifier>
      <Extensions>rc;ico;cur;bmp;dlg;rc2;rct;bin;rgs;gif;jpg;jpeg;jpe;resx;tiff;tif;png;wav;mfcribbon-ms</Extensions>
    </Filter>
  </ItemGroup>
  <ItemGroup>
    <ClCompile Include="주소 참조 연산자.c">
      <Filter>소스 파일</Filter>
    </ClCompile>
    <ClCompile Include="포인터 선언 및 초기화.c">
      <Filter>소스 파일</Filter>
    </ClCompile>
    <ClCompile Include="간접 참조 연산자로 데이터 변경.c">
      <Filter>소스 파일</Filter>
    </ClCompile>
    <ClCompile Include="NULL값으로 포인터 초기화.c">
      <Filter>소스 파일</Filter>
    </ClCompile>
    <ClCompile Include="포인터 선언 시 자료형 불일치-오류 발생.c">
      <Filter>소스 파일</Filter>
    </ClCompile>
  </ItemGroup>
</Project>